
Microsoft Visual Studio Solution File, Format Version 12.00
# Visual Studio 15
Project("{FAE04EC0-301F-11D3-BF4B-00C04F79EFBC}") = "Mirror", "Mirror.csproj", "{61B8304C-E450-5CCD-021B-B1CFFE3A6D67}"
EndProject
Project("{FAE04EC0-301F-11D3-BF4B-00C04F79EFBC}") = "Mirror.Components", "Mirror.Components.csproj", "{F54C4B9F-6D24-88CB-F0EF-08CF6B0795BB}"
EndProject
Project("{FAE04EC0-301F-11D3-BF4B-00C04F79EFBC}") = "Ninja.WebSockets", "Ninja.WebSockets.csproj", "{B3E36A54-6F5D-3881-10C6-AB4C7DA63234}"
EndProject
Project("{FAE04EC0-301F-11D3-BF4B-00C04F79EFBC}") = "Mirror.Examples", "Mirror.Examples.csproj", "{360CA872-05BE-6525-A6BD-C2D326E52B89}"
EndProject
Project("{FAE04EC0-301F-11D3-BF4B-00C04F79EFBC}") = "Assembly-CSharp", "Assembly-CSharp.csproj", "{FF606D62-70B3-D3C0-0839-CD7F6F0F1199}"
EndProject
Project("{FAE04EC0-301F-11D3-BF4B-00C04F79EFBC}") = "Mirror.Authenticators", "Mirror.Authenticators.csproj", "{1A645065-AAAB-7198-3D45-D2B3F3EBE5B6}"
EndProject
Project("{FAE04EC0-301F-11D3-BF4B-00C04F79EFBC}") = "Mirror.Weaver", "Mirror.Weaver.csproj", "{8B7389A5-F0AC-FC0D-6730-C79383FFEC6A}"
EndProject
Project("{FAE04EC0-301F-11D3-BF4B-00C04F79EFBC}") = "Mirror.Editor", "Mirror.Editor.csproj", "{1F4B6C15-FC18-1248-7CD5-9A1BB5DA678D}"
EndProject
Project("{FAE04EC0-301F-11D3-BF4B-00C04F79EFBC}") = "Mirror.Tests", "Mirror.Tests.csproj", "{ACED920E-BDB8-E78D-ACD0-5E03DB2AC7BE}"
EndProject
Project("{FAE04EC0-301F-11D3-BF4B-00C04F79EFBC}") = "Mirror.CompilerSymbols", "Mirror.CompilerSymbols.csproj", "{5C1872D3-D948-2001-31BF-DEFB5010FBDB}"
EndProject
Project("{FAE04EC0-301F-11D3-BF4B-00C04F79EFBC}") = "Assembly-CSharp-Editor", "Assembly-CSharp-Editor.csproj", "{30DA68F1-E4D5-06F6-782D-E7EFA4A5210B}"
EndProject
Global
	GlobalSection(SolutionConfigurationPlatforms) = preSolution
		Debug|Any CPU = Debug|Any CPU
		Release|Any CPU = Release|Any CPU
	EndGlobalSection
	GlobalSection(ProjectConfigurationPlatforms) = postSolution
		{61B8304C-E450-5CCD-021B-B1CFFE3A6D67}.Debug|Any CPU.ActiveCfg = Debug|Any CPU
		{61B8304C-E450-5CCD-021B-B1CFFE3A6D67}.Debug|Any CPU.Build.0 = Debug|Any CPU
		{61B8304C-E450-5CCD-021B-B1CFFE3A6D67}.Release|Any CPU.ActiveCfg = Release|Any CPU
		{61B8304C-E450-5CCD-021B-B1CFFE3A6D67}.Release|Any CPU.Build.0 = Release|Any CPU
		{F54C4B9F-6D24-88CB-F0EF-08CF6B0795BB}.Debug|Any CPU.ActiveCfg = Debug|Any CPU
		{F54C4B9F-6D24-88CB-F0EF-08CF6B0795BB}.Debug|Any CPU.Build.0 = Debug|Any CPU
		{F54C4B9F-6D24-88CB-F0EF-08CF6B0795BB}.Release|Any CPU.ActiveCfg = Release|Any CPU
		{F54C4B9F-6D24-88CB-F0EF-08CF6B0795BB}.Release|Any CPU.Build.0 = Release|Any CPU
		{B3E36A54-6F5D-3881-10C6-AB4C7DA63234}.Debug|Any CPU.ActiveCfg = Debug|Any CPU
		{B3E36A54-6F5D-3881-10C6-AB4C7DA63234}.Debug|Any CPU.Build.0 = Debug|Any CPU
		{B3E36A54-6F5D-3881-10C6-AB4C7DA63234}.Release|Any CPU.ActiveCfg = Release|Any CPU
		{B3E36A54-6F5D-3881-10C6-AB4C7DA63234}.Release|Any CPU.Build.0 = Release|Any CPU
		{360CA872-05BE-6525-A6BD-C2D326E52B89}.Debug|Any CPU.ActiveCfg = Debug|Any CPU
		{360CA872-05BE-6525-A6BD-C2D326E52B89}.Debug|Any CPU.Build.0 = Debug|Any CPU
		{360CA872-05BE-6525-A6BD-C2D326E52B89}.Release|Any CPU.ActiveCfg = Release|Any CPU
		{360CA872-05BE-6525-A6BD-C2D326E52B89}.Release|Any CPU.Build.0 = Release|Any CPU
		{FF606D62-70B3-D3C0-0839-CD7F6F0F1199}.Debug|Any CPU.ActiveCfg = Debug|Any CPU
		{FF606D62-70B3-D3C0-0839-CD7F6F0F1199}.Debug|Any CPU.Build.0 = Debug|Any CPU
		{FF606D62-70B3-D3C0-0839-CD7F6F0F1199}.Release|Any CPU.ActiveCfg = Release|Any CPU
		{FF606D62-70B3-D3C0-0839-CD7F6F0F1199}.Release|Any CPU.Build.0 = Release|Any CPU
		{1A645065-AAAB-7198-3D45-D2B3F3EBE5B6}.Debug|Any CPU.ActiveCfg = Debug|Any CPU
		{1A645065-AAAB-7198-3D45-D2B3F3EBE5B6}.Debug|Any CPU.Build.0 = Debug|Any CPU
		{1A645065-AAAB-7198-3D45-D2B3F3EBE5B6}.Release|Any CPU.ActiveCfg = Release|Any CPU
		{1A645065-AAAB-7198-3D45-D2B3F3EBE5B6}.Release|Any CPU.Build.0 = Release|Any CPU
		{8B7389A5-F0AC-FC0D-6730-C79383FFEC6A}.Debug|Any CPU.ActiveCfg = Debug|Any CPU
		{8B7389A5-F0AC-FC0D-6730-C79383FFEC6A}.Debug|Any CPU.Build.0 = Debug|Any CPU
		{8B7389A5-F0AC-FC0D-6730-C79383FFEC6A}.Release|Any CPU.ActiveCfg = Release|Any CPU
		{8B7389A5-F0AC-FC0D-6730-C79383FFEC6A}.Release|Any CPU.Build.0 = Release|Any CPU
		{1F4B6C15-FC18-1248-7CD5-9A1BB5DA678D}.Debug|Any CPU.ActiveCfg = Debug|Any CPU
		{1F4B6C15-FC18-1248-7CD5-9A1BB5DA678D}.Debug|Any CPU.Build.0 = Debug|Any CPU
		{1F4B6C15-FC18-1248-7CD5-9A1BB5DA678D}.Release|Any CPU.ActiveCfg = Release|Any CPU
		{1F4B6C15-FC18-1248-7CD5-9A1BB5DA678D}.Release|Any CPU.Build.0 = Release|Any CPU
		{ACED920E-BDB8-E78D-ACD0-5E03DB2AC7BE}.Debug|Any CPU.ActiveCfg = Debug|Any CPU
		{ACED920E-BDB8-E78D-ACD0-5E03DB2AC7BE}.Debug|Any CPU.Build.0 = Debug|Any CPU
		{ACED920E-BDB8-E78D-ACD0-5E03DB2AC7BE}.Release|Any CPU.ActiveCfg = Release|Any CPU
		{ACED920E-BDB8-E78D-ACD0-5E03DB2AC7BE}.Release|Any CPU.Build.0 = Release|Any CPU
		{5C1872D3-D948-2001-31BF-DEFB5010FBDB}.Debug|Any CPU.ActiveCfg = Debug|Any CPU
		{5C1872D3-D948-2001-31BF-DEFB5010FBDB}.Debug|Any CPU.Build.0 = Debug|Any CPU
		{5C1872D3-D948-2001-31BF-DEFB5010FBDB}.Release|Any CPU.ActiveCfg = Release|Any CPU
		{5C1872D3-D948-2001-31BF-DEFB5010FBDB}.Release|Any CPU.Build.0 = Release|Any CPU
		{30DA68F1-E4D5-06F6-782D-E7EFA4A5210B}.Debug|Any CPU.ActiveCfg = Debug|Any CPU
		{30DA68F1-E4D5-06F6-782D-E7EFA4A5210B}.Debug|Any CPU.Build.0 = Debug|Any CPU
		{30DA68F1-E4D5-06F6-782D-E7EFA4A5210B}.Release|Any CPU.ActiveCfg = Release|Any CPU
		{30DA68F1-E4D5-06F6-782D-E7EFA4A5210B}.Release|Any CPU.Build.0 = Release|Any CPU
	EndGlobalSection
	GlobalSection(SolutionProperties) = preSolution
		HideSolutionNode = FALSE
	EndGlobalSection
EndGlobal
