
Microsoft Visual Studio Solution File, Format Version 12.00
# Visual Studio 15
Project("{FAE04EC0-301F-11D3-BF4B-00C04F79EFBC}") = "Mirror", "Mirror.csproj", "{37B2DD96-C125-EFD1-FFF5-2E4F6E4F94FA}"
EndProject
Project("{FAE04EC0-301F-11D3-BF4B-00C04F79EFBC}") = "Mirror.Components", "Mirror.Components.csproj", "{CEE9AB27-5A97-E443-3644-9DC1298A56EB}"
EndProject
Project("{FAE04EC0-301F-11D3-BF4B-00C04F79EFBC}") = "Ninja.WebSockets", "Ninja.WebSockets.csproj", "{62A575D4-60B2-DF3F-B16E-766D23193426}"
EndProject
Project("{FAE04EC0-301F-11D3-BF4B-00C04F79EFBC}") = "Mirror.Examples", "Mirror.Examples.csproj", "{D636016A-491C-D8F9-5D37-A0990ED866DC}"
EndProject
Project("{FAE04EC0-301F-11D3-BF4B-00C04F79EFBC}") = "Assembly-CSharp", "Assembly-CSharp.csproj", "{825BA9E1-0378-79C4-058C-99E861FB3698}"
EndProject
Project("{FAE04EC0-301F-11D3-BF4B-00C04F79EFBC}") = "Mirror.Authenticators", "Mirror.Authenticators.csproj", "{F36E4F34-67A9-3D6C-C9F7-D8DCCAEBB030}"
EndProject
Project("{FAE04EC0-301F-11D3-BF4B-00C04F79EFBC}") = "Mirror.Weaver", "Mirror.Weaver.csproj", "{E3F490CA-409B-067F-416F-DE7118FFDB3E}"
EndProject
Project("{FAE04EC0-301F-11D3-BF4B-00C04F79EFBC}") = "Mirror.Editor", "Mirror.Editor.csproj", "{3B9DA58E-1F57-ED52-2687-EB3AA29ABD0C}"
EndProject
Project("{FAE04EC0-301F-11D3-BF4B-00C04F79EFBC}") = "Mirror.Tests", "Mirror.Tests.csproj", "{97DF48F8-7F1B-83F2-93BF-51854B543257}"
EndProject
Project("{FAE04EC0-301F-11D3-BF4B-00C04F79EFBC}") = "Mirror.CompilerSymbols", "Mirror.CompilerSymbols.csproj", "{AC4D7038-E380-1CF7-A6C8-B8EE2059057E}"
EndProject
Project("{FAE04EC0-301F-11D3-BF4B-00C04F79EFBC}") = "Assembly-CSharp-Editor", "Assembly-CSharp-Editor.csproj", "{1D85532F-105E-69AB-4961-3D5A38EEF70D}"
EndProject
Global
	GlobalSection(SolutionConfigurationPlatforms) = preSolution
		Debug|Any CPU = Debug|Any CPU
		Release|Any CPU = Release|Any CPU
	EndGlobalSection
	GlobalSection(ProjectConfigurationPlatforms) = postSolution
		{37B2DD96-C125-EFD1-FFF5-2E4F6E4F94FA}.Debug|Any CPU.ActiveCfg = Debug|Any CPU
		{37B2DD96-C125-EFD1-FFF5-2E4F6E4F94FA}.Debug|Any CPU.Build.0 = Debug|Any CPU
		{37B2DD96-C125-EFD1-FFF5-2E4F6E4F94FA}.Release|Any CPU.ActiveCfg = Release|Any CPU
		{37B2DD96-C125-EFD1-FFF5-2E4F6E4F94FA}.Release|Any CPU.Build.0 = Release|Any CPU
		{CEE9AB27-5A97-E443-3644-9DC1298A56EB}.Debug|Any CPU.ActiveCfg = Debug|Any CPU
		{CEE9AB27-5A97-E443-3644-9DC1298A56EB}.Debug|Any CPU.Build.0 = Debug|Any CPU
		{CEE9AB27-5A97-E443-3644-9DC1298A56EB}.Release|Any CPU.ActiveCfg = Release|Any CPU
		{CEE9AB27-5A97-E443-3644-9DC1298A56EB}.Release|Any CPU.Build.0 = Release|Any CPU
		{62A575D4-60B2-DF3F-B16E-766D23193426}.Debug|Any CPU.ActiveCfg = Debug|Any CPU
		{62A575D4-60B2-DF3F-B16E-766D23193426}.Debug|Any CPU.Build.0 = Debug|Any CPU
		{62A575D4-60B2-DF3F-B16E-766D23193426}.Release|Any CPU.ActiveCfg = Release|Any CPU
		{62A575D4-60B2-DF3F-B16E-766D23193426}.Release|Any CPU.Build.0 = Release|Any CPU
		{D636016A-491C-D8F9-5D37-A0990ED866DC}.Debug|Any CPU.ActiveCfg = Debug|Any CPU
		{D636016A-491C-D8F9-5D37-A0990ED866DC}.Debug|Any CPU.Build.0 = Debug|Any CPU
		{D636016A-491C-D8F9-5D37-A0990ED866DC}.Release|Any CPU.ActiveCfg = Release|Any CPU
		{D636016A-491C-D8F9-5D37-A0990ED866DC}.Release|Any CPU.Build.0 = Release|Any CPU
		{825BA9E1-0378-79C4-058C-99E861FB3698}.Debug|Any CPU.ActiveCfg = Debug|Any CPU
		{825BA9E1-0378-79C4-058C-99E861FB3698}.Debug|Any CPU.Build.0 = Debug|Any CPU
		{825BA9E1-0378-79C4-058C-99E861FB3698}.Release|Any CPU.ActiveCfg = Release|Any CPU
		{825BA9E1-0378-79C4-058C-99E861FB3698}.Release|Any CPU.Build.0 = Release|Any CPU
		{F36E4F34-67A9-3D6C-C9F7-D8DCCAEBB030}.Debug|Any CPU.ActiveCfg = Debug|Any CPU
		{F36E4F34-67A9-3D6C-C9F7-D8DCCAEBB030}.Debug|Any CPU.Build.0 = Debug|Any CPU
		{F36E4F34-67A9-3D6C-C9F7-D8DCCAEBB030}.Release|Any CPU.ActiveCfg = Release|Any CPU
		{F36E4F34-67A9-3D6C-C9F7-D8DCCAEBB030}.Release|Any CPU.Build.0 = Release|Any CPU
		{E3F490CA-409B-067F-416F-DE7118FFDB3E}.Debug|Any CPU.ActiveCfg = Debug|Any CPU
		{E3F490CA-409B-067F-416F-DE7118FFDB3E}.Debug|Any CPU.Build.0 = Debug|Any CPU
		{E3F490CA-409B-067F-416F-DE7118FFDB3E}.Release|Any CPU.ActiveCfg = Release|Any CPU
		{E3F490CA-409B-067F-416F-DE7118FFDB3E}.Release|Any CPU.Build.0 = Release|Any CPU
		{3B9DA58E-1F57-ED52-2687-EB3AA29ABD0C}.Debug|Any CPU.ActiveCfg = Debug|Any CPU
		{3B9DA58E-1F57-ED52-2687-EB3AA29ABD0C}.Debug|Any CPU.Build.0 = Debug|Any CPU
		{3B9DA58E-1F57-ED52-2687-EB3AA29ABD0C}.Release|Any CPU.ActiveCfg = Release|Any CPU
		{3B9DA58E-1F57-ED52-2687-EB3AA29ABD0C}.Release|Any CPU.Build.0 = Release|Any CPU
		{97DF48F8-7F1B-83F2-93BF-51854B543257}.Debug|Any CPU.ActiveCfg = Debug|Any CPU
		{97DF48F8-7F1B-83F2-93BF-51854B543257}.Debug|Any CPU.Build.0 = Debug|Any CPU
		{97DF48F8-7F1B-83F2-93BF-51854B543257}.Release|Any CPU.ActiveCfg = Release|Any CPU
		{97DF48F8-7F1B-83F2-93BF-51854B543257}.Release|Any CPU.Build.0 = Release|Any CPU
		{AC4D7038-E380-1CF7-A6C8-B8EE2059057E}.Debug|Any CPU.ActiveCfg = Debug|Any CPU
		{AC4D7038-E380-1CF7-A6C8-B8EE2059057E}.Debug|Any CPU.Build.0 = Debug|Any CPU
		{AC4D7038-E380-1CF7-A6C8-B8EE2059057E}.Release|Any CPU.ActiveCfg = Release|Any CPU
		{AC4D7038-E380-1CF7-A6C8-B8EE2059057E}.Release|Any CPU.Build.0 = Release|Any CPU
		{1D85532F-105E-69AB-4961-3D5A38EEF70D}.Debug|Any CPU.ActiveCfg = Debug|Any CPU
		{1D85532F-105E-69AB-4961-3D5A38EEF70D}.Debug|Any CPU.Build.0 = Debug|Any CPU
		{1D85532F-105E-69AB-4961-3D5A38EEF70D}.Release|Any CPU.ActiveCfg = Release|Any CPU
		{1D85532F-105E-69AB-4961-3D5A38EEF70D}.Release|Any CPU.Build.0 = Release|Any CPU
	EndGlobalSection
	GlobalSection(SolutionProperties) = preSolution
		HideSolutionNode = FALSE
	EndGlobalSection
EndGlobal
